// !$*UTF8*$!
{
	archiveVersion = 1;
	classes = {
	};
	objectVersion = 46;
	objects = {

/* Begin PBXBuildFile section */
		A2CA04A0188A78A900D1E152 /* PoseidonMonitor-Info.plist in Resources */ = {isa = PBXBuildFile; fileRef = A2CA0499188A78A900D1E152 /* PoseidonMonitor-Info.plist */; };
		A2CA04A1188A78A900D1E152 /* InfoPlist.strings in Resources */ = {isa = PBXBuildFile; fileRef = A2CA049B188A78A900D1E152 /* InfoPlist.strings */; };
		AAC068C2188D1F8E001B468D /* PoseidonMonitor.bundle in Resources */ = {isa = PBXBuildFile; fileRef = AAC068C1188D1F8E001B468D /* PoseidonMonitor.bundle */; };
		D11036201ADBA3D000C46099 /* PMJSCallDataSource.h in Headers */ = {isa = PBXBuildFile; fileRef = D11035F51ADBA3D000C46099 /* PMJSCallDataSource.h */; };
		D11036211ADBA3D000C46099 /* PMJSCallDataSource.m in Sources */ = {isa = PBXBuildFile; fileRef = D11035F61ADBA3D000C46099 /* PMJSCallDataSource.m */; };
		D11036221ADBA3D000C46099 /* PMJSViewController.h in Headers */ = {isa = PBXBuildFile; fileRef = D11035F81ADBA3D000C46099 /* PMJSViewController.h */; };
		D11036231ADBA3D000C46099 /* PMJSViewController.m in Sources */ = {isa = PBXBuildFile; fileRef = D11035F91ADBA3D000C46099 /* PMJSViewController.m */; };
		D11036241ADBA3D000C46099 /* PMLog.h in Headers */ = {isa = PBXBuildFile; fileRef = D11035FD1ADBA3D000C46099 /* PMLog.h */; settings = {ATTRIBUTES = (Public, ); }; };
		D11036251ADBA3D000C46099 /* PMLog.m in Sources */ = {isa = PBXBuildFile; fileRef = D11035FE1ADBA3D000C46099 /* PMLog.m */; };
		D11036261ADBA3D000C46099 /* PMLogConfig.h in Headers */ = {isa = PBXBuildFile; fileRef = D11035FF1ADBA3D000C46099 /* PMLogConfig.h */; };
		D11036271ADBA3D000C46099 /* PMLogConfig.m in Sources */ = {isa = PBXBuildFile; fileRef = D11036001ADBA3D000C46099 /* PMLogConfig.m */; };
		D11036281ADBA3D000C46099 /* PMLogDataModel.h in Headers */ = {isa = PBXBuildFile; fileRef = D11036011ADBA3D000C46099 /* PMLogDataModel.h */; };
		D11036291ADBA3D000C46099 /* PMLogDataModel.m in Sources */ = {isa = PBXBuildFile; fileRef = D11036021ADBA3D000C46099 /* PMLogDataModel.m */; };
		D110362A1ADBA3D000C46099 /* PMLogDataSource.h in Headers */ = {isa = PBXBuildFile; fileRef = D11036031ADBA3D000C46099 /* PMLogDataSource.h */; };
		D110362B1ADBA3D000C46099 /* PMLogDataSource.m in Sources */ = {isa = PBXBuildFile; fileRef = D11036041ADBA3D000C46099 /* PMLogDataSource.m */; };
		D110362C1ADBA3D000C46099 /* PMLogFilterViewController.h in Headers */ = {isa = PBXBuildFile; fileRef = D11036061ADBA3D000C46099 /* PMLogFilterViewController.h */; };
		D110362D1ADBA3D000C46099 /* PMLogFilterViewController.m in Sources */ = {isa = PBXBuildFile; fileRef = D11036071ADBA3D000C46099 /* PMLogFilterViewController.m */; };
		D110362E1ADBA3D000C46099 /* PMLogViewController.h in Headers */ = {isa = PBXBuildFile; fileRef = D11036081ADBA3D000C46099 /* PMLogViewController.h */; };
		D110362F1ADBA3D000C46099 /* PMLogViewController.m in Sources */ = {isa = PBXBuildFile; fileRef = D11036091ADBA3D000C46099 /* PMLogViewController.m */; };
		D11036301ADBA3D000C46099 /* PMLogTableViewCell.h in Headers */ = {isa = PBXBuildFile; fileRef = D110360B1ADBA3D000C46099 /* PMLogTableViewCell.h */; };
		D11036311ADBA3D000C46099 /* PMLogTableViewCell.m in Sources */ = {isa = PBXBuildFile; fileRef = D110360C1ADBA3D000C46099 /* PMLogTableViewCell.m */; };
		D11036321ADBA3D000C46099 /* PMRootViewController.h in Headers */ = {isa = PBXBuildFile; fileRef = D11036101ADBA3D000C46099 /* PMRootViewController.h */; };
		D11036331ADBA3D000C46099 /* PMRootViewController.m in Sources */ = {isa = PBXBuildFile; fileRef = D11036111ADBA3D000C46099 /* PMRootViewController.m */; };
		D11036441ADBA45500C46099 /* PMCommonDefine.h in Headers */ = {isa = PBXBuildFile; fileRef = D11036421ADBA45500C46099 /* PMCommonDefine.h */; };
		D11036451ADBA45500C46099 /* PMDefine.h in Headers */ = {isa = PBXBuildFile; fileRef = D11036431ADBA45500C46099 /* PMDefine.h */; settings = {ATTRIBUTES = (Public, ); }; };
		D110364A1ADBA48900C46099 /* PMConfigFactory.h in Headers */ = {isa = PBXBuildFile; fileRef = D11036461ADBA48900C46099 /* PMConfigFactory.h */; };
		D110364B1ADBA48900C46099 /* PMConfigFactory.m in Sources */ = {isa = PBXBuildFile; fileRef = D11036471ADBA48900C46099 /* PMConfigFactory.m */; };
		D110364C1ADBA48900C46099 /* PMDataSourceFactory.h in Headers */ = {isa = PBXBuildFile; fileRef = D11036481ADBA48900C46099 /* PMDataSourceFactory.h */; };
		D110364D1ADBA48900C46099 /* PMDataSourceFactory.m in Sources */ = {isa = PBXBuildFile; fileRef = D11036491ADBA48900C46099 /* PMDataSourceFactory.m */; };
		D11036591ADBA4FB00C46099 /* PMMonitorView.h in Headers */ = {isa = PBXBuildFile; fileRef = D11036531ADBA4FB00C46099 /* PMMonitorView.h */; };
		D110365A1ADBA4FB00C46099 /* PMMonitorView.m in Sources */ = {isa = PBXBuildFile; fileRef = D11036541ADBA4FB00C46099 /* PMMonitorView.m */; };
		D110365B1ADBA4FB00C46099 /* PMWindow.h in Headers */ = {isa = PBXBuildFile; fileRef = D11036551ADBA4FB00C46099 /* PMWindow.h */; };
		D110365C1ADBA4FB00C46099 /* PMWindow.m in Sources */ = {isa = PBXBuildFile; fileRef = D11036561ADBA4FB00C46099 /* PMWindow.m */; };
		D11036621ADBA53600C46099 /* PMBaseViewController.h in Headers */ = {isa = PBXBuildFile; fileRef = D11036601ADBA53600C46099 /* PMBaseViewController.h */; };
		D11036631ADBA53600C46099 /* PMBaseViewController.m in Sources */ = {isa = PBXBuildFile; fileRef = D11036611ADBA53600C46099 /* PMBaseViewController.m */; };
		D11036671ADBA63D00C46099 /* PMService.h in Headers */ = {isa = PBXBuildFile; fileRef = D11036641ADBA63D00C46099 /* PMService.h */; settings = {ATTRIBUTES = (Public, ); }; };
		D11036681ADBA63D00C46099 /* PMService.m in Sources */ = {isa = PBXBuildFile; fileRef = D11036651ADBA63D00C46099 /* PMService.m */; };
		D11036691ADBA63D00C46099 /* PMService+Private.h in Headers */ = {isa = PBXBuildFile; fileRef = D11036661ADBA63D00C46099 /* PMService+Private.h */; };
		D11E02631B17241100609402 /* UINavigationController+Ex.h in Headers */ = {isa = PBXBuildFile; fileRef = D11E02611B17241100609402 /* UINavigationController+Ex.h */; };
		D11E02641B17241100609402 /* UINavigationController+Ex.m in Sources */ = {isa = PBXBuildFile; fileRef = D11E02621B17241100609402 /* UINavigationController+Ex.m */; };
		D11E02671B1724BC00609402 /* PMUtils.h in Headers */ = {isa = PBXBuildFile; fileRef = D11E02651B1724BC00609402 /* PMUtils.h */; };
		D11E02681B1724BC00609402 /* PMUtils.m in Sources */ = {isa = PBXBuildFile; fileRef = D11E02661B1724BC00609402 /* PMUtils.m */; };
		D11E026B1B173A8900609402 /* PMNavigationController.h in Headers */ = {isa = PBXBuildFile; fileRef = D11E02691B173A8900609402 /* PMNavigationController.h */; };
		D11E026C1B173A8900609402 /* PMNavigationController.m in Sources */ = {isa = PBXBuildFile; fileRef = D11E026A1B173A8900609402 /* PMNavigationController.m */; };
		D12C2DD21AD7C4B10052C187 /* PoseidonMonitor.h in Headers */ = {isa = PBXBuildFile; fileRef = D12C2DD11AD7C4300052C187 /* PoseidonMonitor.h */; settings = {ATTRIBUTES = (Public, ); }; };
		D14B07A31B14248A00032AB7 /* main.m in Sources */ = {isa = PBXBuildFile; fileRef = D14B07A21B14248A00032AB7 /* main.m */; };
		D14B07A61B14248A00032AB7 /* AppDelegate.m in Sources */ = {isa = PBXBuildFile; fileRef = D14B07A51B14248A00032AB7 /* AppDelegate.m */; };
		D14B07A91B14248A00032AB7 /* WebViewController.m in Sources */ = {isa = PBXBuildFile; fileRef = D14B07A81B14248A00032AB7 /* WebViewController.m */; };
		D14B07AC1B14248A00032AB7 /* Main.storyboard in Resources */ = {isa = PBXBuildFile; fileRef = D14B07AA1B14248A00032AB7 /* Main.storyboard */; };
		D14B07AE1B14248A00032AB7 /* Images.xcassets in Resources */ = {isa = PBXBuildFile; fileRef = D14B07AD1B14248A00032AB7 /* Images.xcassets */; };
		D14B07B11B14248A00032AB7 /* LaunchScreen.xib in Resources */ = {isa = PBXBuildFile; fileRef = D14B07AF1B14248A00032AB7 /* LaunchScreen.xib */; };
		D14B07BD1B14248A00032AB7 /* TestTests.m in Sources */ = {isa = PBXBuildFile; fileRef = D14B07BC1B14248A00032AB7 /* TestTests.m */; };
		D14B07CB1B1428D200032AB7 /* PoseidonMonitor.framework in Frameworks */ = {isa = PBXBuildFile; fileRef = D14B07CA1B1428D200032AB7 /* PoseidonMonitor.framework */; };
/* End PBXBuildFile section */

/* Begin PBXContainerItemProxy section */
		D14B07B71B14248A00032AB7 /* PBXContainerItemProxy */ = {
			isa = PBXContainerItemProxy;
			containerPortal = A2E9D359170BD32000B11F5E /* Project object */;
			proxyType = 1;
			remoteGlobalIDString = D14B079D1B14248A00032AB7;
			remoteInfo = Test;
		};
/* End PBXContainerItemProxy section */

/* Begin PBXFileReference section */
		5CEAF85E8EC6A7CB3EC5BB23 /* libPods-PoseidonMonitor.a */ = {isa = PBXFileReference; explicitFileType = archive.ar; includeInIndex = 0; path = "libPods-PoseidonMonitor.a"; sourceTree = BUILT_PRODUCTS_DIR; };
		A2CA0499188A78A900D1E152 /* PoseidonMonitor-Info.plist */ = {isa = PBXFileReference; fileEncoding = 4; lastKnownFileType = text.plist.xml; path = "PoseidonMonitor-Info.plist"; sourceTree = "<group>"; };
		A2CA049A188A78A900D1E152 /* PoseidonMonitor-Prefix.pch */ = {isa = PBXFileReference; fileEncoding = 4; lastKnownFileType = sourcecode.c.h; path = "PoseidonMonitor-Prefix.pch"; sourceTree = "<group>"; };
		A2CA049C188A78A900D1E152 /* en */ = {isa = PBXFileReference; lastKnownFileType = text.plist.strings; name = en; path = en.lproj/InfoPlist.strings; sourceTree = "<group>"; };
		A2E9D364170BD32000B11F5E /* UIKit.framework */ = {isa = PBXFileReference; lastKnownFileType = wrapper.framework; name = UIKit.framework; path = System/Library/Frameworks/UIKit.framework; sourceTree = SDKROOT; };
		A2E9D366170BD32000B11F5E /* Foundation.framework */ = {isa = PBXFileReference; lastKnownFileType = wrapper.framework; name = Foundation.framework; path = System/Library/Frameworks/Foundation.framework; sourceTree = SDKROOT; };
		A2E9D368170BD32000B11F5E /* CoreGraphics.framework */ = {isa = PBXFileReference; lastKnownFileType = wrapper.framework; name = CoreGraphics.framework; path = System/Library/Frameworks/CoreGraphics.framework; sourceTree = SDKROOT; };
		A2E9D38A170BD37D00B11F5E /* PoseidonMonitor.framework */ = {isa = PBXFileReference; explicitFileType = wrapper.cfbundle; includeInIndex = 0; path = PoseidonMonitor.framework; sourceTree = BUILT_PRODUCTS_DIR; };
		A2E9D38B170BD37D00B11F5E /* CoreFoundation.framework */ = {isa = PBXFileReference; lastKnownFileType = wrapper.framework; name = CoreFoundation.framework; path = System/Library/Frameworks/CoreFoundation.framework; sourceTree = SDKROOT; };
		AAC068C1188D1F8E001B468D /* PoseidonMonitor.bundle */ = {isa = PBXFileReference; lastKnownFileType = "wrapper.plug-in"; path = PoseidonMonitor.bundle; sourceTree = "<group>"; };
		D11035F51ADBA3D000C46099 /* PMJSCallDataSource.h */ = {isa = PBXFileReference; fileEncoding = 4; lastKnownFileType = sourcecode.c.h; path = PMJSCallDataSource.h; sourceTree = "<group>"; };
		D11035F61ADBA3D000C46099 /* PMJSCallDataSource.m */ = {isa = PBXFileReference; fileEncoding = 4; lastKnownFileType = sourcecode.c.objc; path = PMJSCallDataSource.m; sourceTree = "<group>"; };
		D11035F81ADBA3D000C46099 /* PMJSViewController.h */ = {isa = PBXFileReference; fileEncoding = 4; lastKnownFileType = sourcecode.c.h; path = PMJSViewController.h; sourceTree = "<group>"; };
		D11035F91ADBA3D000C46099 /* PMJSViewController.m */ = {isa = PBXFileReference; fileEncoding = 4; lastKnownFileType = sourcecode.c.objc; path = PMJSViewController.m; sourceTree = "<group>"; };
		D11035FD1ADBA3D000C46099 /* PMLog.h */ = {isa = PBXFileReference; fileEncoding = 4; lastKnownFileType = sourcecode.c.h; path = PMLog.h; sourceTree = "<group>"; };
		D11035FE1ADBA3D000C46099 /* PMLog.m */ = {isa = PBXFileReference; fileEncoding = 4; lastKnownFileType = sourcecode.c.objc; path = PMLog.m; sourceTree = "<group>"; };
		D11035FF1ADBA3D000C46099 /* PMLogConfig.h */ = {isa = PBXFileReference; fileEncoding = 4; lastKnownFileType = sourcecode.c.h; path = PMLogConfig.h; sourceTree = "<group>"; };
		D11036001ADBA3D000C46099 /* PMLogConfig.m */ = {isa = PBXFileReference; fileEncoding = 4; lastKnownFileType = sourcecode.c.objc; path = PMLogConfig.m; sourceTree = "<group>"; };
		D11036011ADBA3D000C46099 /* PMLogDataModel.h */ = {isa = PBXFileReference; fileEncoding = 4; lastKnownFileType = sourcecode.c.h; path = PMLogDataModel.h; sourceTree = "<group>"; };
		D11036021ADBA3D000C46099 /* PMLogDataModel.m */ = {isa = PBXFileReference; fileEncoding = 4; lastKnownFileType = sourcecode.c.objc; path = PMLogDataModel.m; sourceTree = "<group>"; };
		D11036031ADBA3D000C46099 /* PMLogDataSource.h */ = {isa = PBXFileReference; fileEncoding = 4; lastKnownFileType = sourcecode.c.h; path = PMLogDataSource.h; sourceTree = "<group>"; };
		D11036041ADBA3D000C46099 /* PMLogDataSource.m */ = {isa = PBXFileReference; fileEncoding = 4; lastKnownFileType = sourcecode.c.objc; path = PMLogDataSource.m; sourceTree = "<group>"; };
		D11036061ADBA3D000C46099 /* PMLogFilterViewController.h */ = {isa = PBXFileReference; fileEncoding = 4; lastKnownFileType = sourcecode.c.h; path = PMLogFilterViewController.h; sourceTree = "<group>"; };
		D11036071ADBA3D000C46099 /* PMLogFilterViewController.m */ = {isa = PBXFileReference; fileEncoding = 4; lastKnownFileType = sourcecode.c.objc; path = PMLogFilterViewController.m; sourceTree = "<group>"; };
		D11036081ADBA3D000C46099 /* PMLogViewController.h */ = {isa = PBXFileReference; fileEncoding = 4; lastKnownFileType = sourcecode.c.h; path = PMLogViewController.h; sourceTree = "<group>"; };
		D11036091ADBA3D000C46099 /* PMLogViewController.m */ = {isa = PBXFileReference; fileEncoding = 4; lastKnownFileType = sourcecode.c.objc; path = PMLogViewController.m; sourceTree = "<group>"; };
		D110360B1ADBA3D000C46099 /* PMLogTableViewCell.h */ = {isa = PBXFileReference; fileEncoding = 4; lastKnownFileType = sourcecode.c.h; path = PMLogTableViewCell.h; sourceTree = "<group>"; };
		D110360C1ADBA3D000C46099 /* PMLogTableViewCell.m */ = {isa = PBXFileReference; fileEncoding = 4; lastKnownFileType = sourcecode.c.objc; path = PMLogTableViewCell.m; sourceTree = "<group>"; };
		D11036101ADBA3D000C46099 /* PMRootViewController.h */ = {isa = PBXFileReference; fileEncoding = 4; lastKnownFileType = sourcecode.c.h; path = PMRootViewController.h; sourceTree = "<group>"; };
		D11036111ADBA3D000C46099 /* PMRootViewController.m */ = {isa = PBXFileReference; fileEncoding = 4; lastKnownFileType = sourcecode.c.objc; path = PMRootViewController.m; sourceTree = "<group>"; };
		D11036421ADBA45500C46099 /* PMCommonDefine.h */ = {isa = PBXFileReference; fileEncoding = 4; lastKnownFileType = sourcecode.c.h; path = PMCommonDefine.h; sourceTree = "<group>"; };
		D11036431ADBA45500C46099 /* PMDefine.h */ = {isa = PBXFileReference; fileEncoding = 4; lastKnownFileType = sourcecode.c.h; path = PMDefine.h; sourceTree = "<group>"; };
		D11036461ADBA48900C46099 /* PMConfigFactory.h */ = {isa = PBXFileReference; fileEncoding = 4; lastKnownFileType = sourcecode.c.h; path = PMConfigFactory.h; sourceTree = "<group>"; };
		D11036471ADBA48900C46099 /* PMConfigFactory.m */ = {isa = PBXFileReference; fileEncoding = 4; lastKnownFileType = sourcecode.c.objc; path = PMConfigFactory.m; sourceTree = "<group>"; };
		D11036481ADBA48900C46099 /* PMDataSourceFactory.h */ = {isa = PBXFileReference; fileEncoding = 4; lastKnownFileType = sourcecode.c.h; path = PMDataSourceFactory.h; sourceTree = "<group>"; };
		D11036491ADBA48900C46099 /* PMDataSourceFactory.m */ = {isa = PBXFileReference; fileEncoding = 4; lastKnownFileType = sourcecode.c.objc; path = PMDataSourceFactory.m; sourceTree = "<group>"; };
		D11036531ADBA4FB00C46099 /* PMMonitorView.h */ = {isa = PBXFileReference; fileEncoding = 4; lastKnownFileType = sourcecode.c.h; path = PMMonitorView.h; sourceTree = "<group>"; };
		D11036541ADBA4FB00C46099 /* PMMonitorView.m */ = {isa = PBXFileReference; fileEncoding = 4; lastKnownFileType = sourcecode.c.objc; path = PMMonitorView.m; sourceTree = "<group>"; };
		D11036551ADBA4FB00C46099 /* PMWindow.h */ = {isa = PBXFileReference; fileEncoding = 4; lastKnownFileType = sourcecode.c.h; path = PMWindow.h; sourceTree = "<group>"; };
		D11036561ADBA4FB00C46099 /* PMWindow.m */ = {isa = PBXFileReference; fileEncoding = 4; lastKnownFileType = sourcecode.c.objc; path = PMWindow.m; sourceTree = "<group>"; };
		D11036601ADBA53600C46099 /* PMBaseViewController.h */ = {isa = PBXFileReference; fileEncoding = 4; lastKnownFileType = sourcecode.c.h; path = PMBaseViewController.h; sourceTree = "<group>"; };
		D11036611ADBA53600C46099 /* PMBaseViewController.m */ = {isa = PBXFileReference; fileEncoding = 4; lastKnownFileType = sourcecode.c.objc; path = PMBaseViewController.m; sourceTree = "<group>"; };
		D11036641ADBA63D00C46099 /* PMService.h */ = {isa = PBXFileReference; fileEncoding = 4; lastKnownFileType = sourcecode.c.h; path = PMService.h; sourceTree = "<group>"; };
		D11036651ADBA63D00C46099 /* PMService.m */ = {isa = PBXFileReference; fileEncoding = 4; lastKnownFileType = sourcecode.c.objc; path = PMService.m; sourceTree = "<group>"; };
		D11036661ADBA63D00C46099 /* PMService+Private.h */ = {isa = PBXFileReference; fileEncoding = 4; lastKnownFileType = sourcecode.c.h; path = "PMService+Private.h"; sourceTree = "<group>"; };
		D11E02611B17241100609402 /* UINavigationController+Ex.h */ = {isa = PBXFileReference; fileEncoding = 4; lastKnownFileType = sourcecode.c.h; path = "UINavigationController+Ex.h"; sourceTree = "<group>"; };
		D11E02621B17241100609402 /* UINavigationController+Ex.m */ = {isa = PBXFileReference; fileEncoding = 4; lastKnownFileType = sourcecode.c.objc; path = "UINavigationController+Ex.m"; sourceTree = "<group>"; };
		D11E02651B1724BC00609402 /* PMUtils.h */ = {isa = PBXFileReference; fileEncoding = 4; lastKnownFileType = sourcecode.c.h; path = PMUtils.h; sourceTree = "<group>"; };
		D11E02661B1724BC00609402 /* PMUtils.m */ = {isa = PBXFileReference; fileEncoding = 4; lastKnownFileType = sourcecode.c.objc; path = PMUtils.m; sourceTree = "<group>"; };
		D11E02691B173A8900609402 /* PMNavigationController.h */ = {isa = PBXFileReference; fileEncoding = 4; lastKnownFileType = sourcecode.c.h; path = PMNavigationController.h; sourceTree = "<group>"; };
		D11E026A1B173A8900609402 /* PMNavigationController.m */ = {isa = PBXFileReference; fileEncoding = 4; lastKnownFileType = sourcecode.c.objc; path = PMNavigationController.m; sourceTree = "<group>"; };
		D12C2DD11AD7C4300052C187 /* PoseidonMonitor.h */ = {isa = PBXFileReference; lastKnownFileType = sourcecode.c.h; path = PoseidonMonitor.h; sourceTree = "<group>"; };
		D14B079E1B14248A00032AB7 /* Test.app */ = {isa = PBXFileReference; explicitFileType = wrapper.application; includeInIndex = 0; path = Test.app; sourceTree = BUILT_PRODUCTS_DIR; };
		D14B07A11B14248A00032AB7 /* Info.plist */ = {isa = PBXFileReference; lastKnownFileType = text.plist.xml; path = Info.plist; sourceTree = "<group>"; };
		D14B07A21B14248A00032AB7 /* main.m */ = {isa = PBXFileReference; lastKnownFileType = sourcecode.c.objc; path = main.m; sourceTree = "<group>"; };
		D14B07A41B14248A00032AB7 /* AppDelegate.h */ = {isa = PBXFileReference; lastKnownFileType = sourcecode.c.h; path = AppDelegate.h; sourceTree = "<group>"; };
		D14B07A51B14248A00032AB7 /* AppDelegate.m */ = {isa = PBXFileReference; lastKnownFileType = sourcecode.c.objc; path = AppDelegate.m; sourceTree = "<group>"; };
		D14B07A71B14248A00032AB7 /* WebViewController.h */ = {isa = PBXFileReference; lastKnownFileType = sourcecode.c.h; path = WebViewController.h; sourceTree = "<group>"; };
		D14B07A81B14248A00032AB7 /* WebViewController.m */ = {isa = PBXFileReference; lastKnownFileType = sourcecode.c.objc; path = WebViewController.m; sourceTree = "<group>"; };
		D14B07AB1B14248A00032AB7 /* Base */ = {isa = PBXFileReference; lastKnownFileType = file.storyboard; name = Base; path = Base.lproj/Main.storyboard; sourceTree = "<group>"; };
		D14B07AD1B14248A00032AB7 /* Images.xcassets */ = {isa = PBXFileReference; lastKnownFileType = folder.assetcatalog; path = Images.xcassets; sourceTree = "<group>"; };
		D14B07B01B14248A00032AB7 /* Base */ = {isa = PBXFileReference; lastKnownFileType = file.xib; name = Base; path = Base.lproj/LaunchScreen.xib; sourceTree = "<group>"; };
		D14B07B61B14248A00032AB7 /* TestTests.xctest */ = {isa = PBXFileReference; explicitFileType = wrapper.cfbundle; includeInIndex = 0; path = TestTests.xctest; sourceTree = BUILT_PRODUCTS_DIR; };
		D14B07BB1B14248A00032AB7 /* Info.plist */ = {isa = PBXFileReference; lastKnownFileType = text.plist.xml; path = Info.plist; sourceTree = "<group>"; };
		D14B07BC1B14248A00032AB7 /* TestTests.m */ = {isa = PBXFileReference; lastKnownFileType = sourcecode.c.objc; path = TestTests.m; sourceTree = "<group>"; };
		D14B07CA1B1428D200032AB7 /* PoseidonMonitor.framework */ = {isa = PBXFileReference; lastKnownFileType = wrapper.framework; name = PoseidonMonitor.framework; path = "Build/Products/Debug-iphonesimulator/PoseidonMonitor.framework"; sourceTree = "<group>"; };
/* End PBXFileReference section */

/* Begin PBXFrameworksBuildPhase section */
		A2E9D387170BD37D00B11F5E /* Frameworks */ = {
			isa = PBXFrameworksBuildPhase;
			buildActionMask = 2147483647;
			files = (
			);
			runOnlyForDeploymentPostprocessing = 0;
		};
		D14B079B1B14248A00032AB7 /* Frameworks */ = {
			isa = PBXFrameworksBuildPhase;
			buildActionMask = 2147483647;
			files = (
				D14B07CB1B1428D200032AB7 /* PoseidonMonitor.framework in Frameworks */,
			);
			runOnlyForDeploymentPostprocessing = 0;
		};
		D14B07B31B14248A00032AB7 /* Frameworks */ = {
			isa = PBXFrameworksBuildPhase;
			buildActionMask = 2147483647;
			files = (
			);
			runOnlyForDeploymentPostprocessing = 0;
		};
/* End PBXFrameworksBuildPhase section */

/* Begin PBXGroup section */
		153D32BD47D62CF5D672D917 /* Pods */ = {
			isa = PBXGroup;
			children = (
			);
			name = Pods;
			sourceTree = "<group>";
		};
		A2CA048C188A78A900D1E152 /* Sources */ = {
			isa = PBXGroup;
			children = (
				D110365F1ADBA53600C46099 /* Base */,
				D11036411ADBA42C00C46099 /* Common */,
				D11036521ADBA4FB00C46099 /* Window */,
				D11035F31ADBA3D000C46099 /* JS */,
				D11035FB1ADBA3D000C46099 /* Log */,
				D110360D1ADBA3D000C46099 /* Root */,
				D11036171ADBA3D000C46099 /* Service */,
				D12C2DD11AD7C4300052C187 /* PoseidonMonitor.h */,
			);
			path = Sources;
			sourceTree = "<group>";
		};
		A2CA0498188A78A900D1E152 /* SupportingFiles */ = {
			isa = PBXGroup;
			children = (
				A2CA0499188A78A900D1E152 /* PoseidonMonitor-Info.plist */,
				A2CA049A188A78A900D1E152 /* PoseidonMonitor-Prefix.pch */,
				A2CA049B188A78A900D1E152 /* InfoPlist.strings */,
			);
			path = SupportingFiles;
			sourceTree = "<group>";
		};
		A2E9D358170BD32000B11F5E = {
			isa = PBXGroup;
			children = (
				A2CA048C188A78A900D1E152 /* Sources */,
				AAC068C0188D1F8E001B468D /* Resources */,
				AA6E6C6B188E5CA30014B032 /* Tests */,
				A2CA0498188A78A900D1E152 /* SupportingFiles */,
				D14B079F1B14248A00032AB7 /* Test */,
				D14B07B91B14248A00032AB7 /* TestTests */,
				A2E9D363170BD32000B11F5E /* Frameworks */,
				A2E9D362170BD32000B11F5E /* Products */,
				153D32BD47D62CF5D672D917 /* Pods */,
			);
			sourceTree = "<group>";
		};
		A2E9D362170BD32000B11F5E /* Products */ = {
			isa = PBXGroup;
			children = (
				A2E9D38A170BD37D00B11F5E /* PoseidonMonitor.framework */,
				D14B079E1B14248A00032AB7 /* Test.app */,
				D14B07B61B14248A00032AB7 /* TestTests.xctest */,
			);
			name = Products;
			sourceTree = "<group>";
		};
		A2E9D363170BD32000B11F5E /* Frameworks */ = {
			isa = PBXGroup;
			children = (
				D14B07CA1B1428D200032AB7 /* PoseidonMonitor.framework */,
				A2E9D364170BD32000B11F5E /* UIKit.framework */,
				A2E9D366170BD32000B11F5E /* Foundation.framework */,
				A2E9D368170BD32000B11F5E /* CoreGraphics.framework */,
				A2E9D38B170BD37D00B11F5E /* CoreFoundation.framework */,
				5CEAF85E8EC6A7CB3EC5BB23 /* libPods-PoseidonMonitor.a */,
			);
			name = Frameworks;
			sourceTree = "<group>";
		};
		AA6E6C6B188E5CA30014B032 /* Tests */ = {
			isa = PBXGroup;
			children = (
			);
			path = Tests;
			sourceTree = SOURCE_ROOT;
		};
		AAC068C0188D1F8E001B468D /* Resources */ = {
			isa = PBXGroup;
			children = (
				AAC068C1188D1F8E001B468D /* PoseidonMonitor.bundle */,
			);
			path = Resources;
			sourceTree = "<group>";
		};
		D11035F31ADBA3D000C46099 /* JS */ = {
			isa = PBXGroup;
			children = (
				D11035F41ADBA3D000C46099 /* Biz */,
				D11035F71ADBA3D000C46099 /* VC */,
				D11035FA1ADBA3D000C46099 /* View */,
			);
			path = JS;
			sourceTree = "<group>";
		};
		D11035F41ADBA3D000C46099 /* Biz */ = {
			isa = PBXGroup;
			children = (
				D11035F51ADBA3D000C46099 /* PMJSCallDataSource.h */,
				D11035F61ADBA3D000C46099 /* PMJSCallDataSource.m */,
			);
			path = Biz;
			sourceTree = "<group>";
		};
		D11035F71ADBA3D000C46099 /* VC */ = {
			isa = PBXGroup;
			children = (
				D11035F81ADBA3D000C46099 /* PMJSViewController.h */,
				D11035F91ADBA3D000C46099 /* PMJSViewController.m */,
			);
			path = VC;
			sourceTree = "<group>";
		};
		D11035FA1ADBA3D000C46099 /* View */ = {
			isa = PBXGroup;
			children = (
			);
			path = View;
			sourceTree = "<group>";
		};
		D11035FB1ADBA3D000C46099 /* Log */ = {
			isa = PBXGroup;
			children = (
				D11035FC1ADBA3D000C46099 /* Biz */,
				D11036051ADBA3D000C46099 /* VC */,
				D110360A1ADBA3D000C46099 /* View */,
			);
			path = Log;
			sourceTree = "<group>";
		};
		D11035FC1ADBA3D000C46099 /* Biz */ = {
			isa = PBXGroup;
			children = (
				D11035FD1ADBA3D000C46099 /* PMLog.h */,
				D11035FE1ADBA3D000C46099 /* PMLog.m */,
				D11035FF1ADBA3D000C46099 /* PMLogConfig.h */,
				D11036001ADBA3D000C46099 /* PMLogConfig.m */,
				D11036011ADBA3D000C46099 /* PMLogDataModel.h */,
				D11036021ADBA3D000C46099 /* PMLogDataModel.m */,
				D11036031ADBA3D000C46099 /* PMLogDataSource.h */,
				D11036041ADBA3D000C46099 /* PMLogDataSource.m */,
			);
			path = Biz;
			sourceTree = "<group>";
		};
		D11036051ADBA3D000C46099 /* VC */ = {
			isa = PBXGroup;
			children = (
				D11036061ADBA3D000C46099 /* PMLogFilterViewController.h */,
				D11036071ADBA3D000C46099 /* PMLogFilterViewController.m */,
				D11036081ADBA3D000C46099 /* PMLogViewController.h */,
				D11036091ADBA3D000C46099 /* PMLogViewController.m */,
			);
			path = VC;
			sourceTree = "<group>";
		};
		D110360A1ADBA3D000C46099 /* View */ = {
			isa = PBXGroup;
			children = (
				D110360B1ADBA3D000C46099 /* PMLogTableViewCell.h */,
				D110360C1ADBA3D000C46099 /* PMLogTableViewCell.m */,
			);
			path = View;
			sourceTree = "<group>";
		};
		D110360D1ADBA3D000C46099 /* Root */ = {
			isa = PBXGroup;
			children = (
				D110360E1ADBA3D000C46099 /* Biz */,
				D110360F1ADBA3D000C46099 /* VC */,
				D11036121ADBA3D000C46099 /* View */,
			);
			path = Root;
			sourceTree = "<group>";
		};
		D110360E1ADBA3D000C46099 /* Biz */ = {
			isa = PBXGroup;
			children = (
			);
			path = Biz;
			sourceTree = "<group>";
		};
		D110360F1ADBA3D000C46099 /* VC */ = {
			isa = PBXGroup;
			children = (
				D11036101ADBA3D000C46099 /* PMRootViewController.h */,
				D11036111ADBA3D000C46099 /* PMRootViewController.m */,
			);
			path = VC;
			sourceTree = "<group>";
		};
		D11036121ADBA3D000C46099 /* View */ = {
			isa = PBXGroup;
			children = (
			);
			path = View;
			sourceTree = "<group>";
		};
		D11036171ADBA3D000C46099 /* Service */ = {
			isa = PBXGroup;
			children = (
				D11036641ADBA63D00C46099 /* PMService.h */,
				D11036651ADBA63D00C46099 /* PMService.m */,
				D11036661ADBA63D00C46099 /* PMService+Private.h */,
			);
			path = Service;
			sourceTree = "<group>";
		};
		D11036411ADBA42C00C46099 /* Common */ = {
			isa = PBXGroup;
			children = (
				D11036421ADBA45500C46099 /* PMCommonDefine.h */,
				D11E02651B1724BC00609402 /* PMUtils.h */,
				D11E02661B1724BC00609402 /* PMUtils.m */,
				D11036431ADBA45500C46099 /* PMDefine.h */,
				D11036461ADBA48900C46099 /* PMConfigFactory.h */,
				D11036471ADBA48900C46099 /* PMConfigFactory.m */,
				D11036481ADBA48900C46099 /* PMDataSourceFactory.h */,
				D11036491ADBA48900C46099 /* PMDataSourceFactory.m */,
			);
			path = Common;
			sourceTree = "<group>";
		};
		D11036521ADBA4FB00C46099 /* Window */ = {
			isa = PBXGroup;
			children = (
				D11036551ADBA4FB00C46099 /* PMWindow.h */,
				D11036561ADBA4FB00C46099 /* PMWindow.m */,
				D11036531ADBA4FB00C46099 /* PMMonitorView.h */,
				D11036541ADBA4FB00C46099 /* PMMonitorView.m */,
				D11E02611B17241100609402 /* UINavigationController+Ex.h */,
				D11E02621B17241100609402 /* UINavigationController+Ex.m */,
				D11E02691B173A8900609402 /* PMNavigationController.h */,
				D11E026A1B173A8900609402 /* PMNavigationController.m */,
			);
			path = Window;
			sourceTree = "<group>";
		};
		D110365F1ADBA53600C46099 /* Base */ = {
			isa = PBXGroup;
			children = (
				D11036601ADBA53600C46099 /* PMBaseViewController.h */,
				D11036611ADBA53600C46099 /* PMBaseViewController.m */,
			);
			path = Base;
			sourceTree = "<group>";
		};
		D14B079F1B14248A00032AB7 /* Test */ = {
			isa = PBXGroup;
			children = (
				D14B07A41B14248A00032AB7 /* AppDelegate.h */,
				D14B07A51B14248A00032AB7 /* AppDelegate.m */,
				D14B07A71B14248A00032AB7 /* WebViewController.h */,
				D14B07A81B14248A00032AB7 /* WebViewController.m */,
				D14B07AA1B14248A00032AB7 /* Main.storyboard */,
				D14B07AD1B14248A00032AB7 /* Images.xcassets */,
				D14B07AF1B14248A00032AB7 /* LaunchScreen.xib */,
				D14B07A01B14248A00032AB7 /* Supporting Files */,
			);
			path = Test;
			sourceTree = "<group>";
		};
		D14B07A01B14248A00032AB7 /* Supporting Files */ = {
			isa = PBXGroup;
			children = (
				D14B07A11B14248A00032AB7 /* Info.plist */,
				D14B07A21B14248A00032AB7 /* main.m */,
			);
			name = "Supporting Files";
			sourceTree = "<group>";
		};
		D14B07B91B14248A00032AB7 /* TestTests */ = {
			isa = PBXGroup;
			children = (
				D14B07BC1B14248A00032AB7 /* TestTests.m */,
				D14B07BA1B14248A00032AB7 /* Supporting Files */,
			);
			path = TestTests;
			sourceTree = "<group>";
		};
		D14B07BA1B14248A00032AB7 /* Supporting Files */ = {
			isa = PBXGroup;
			children = (
				D14B07BB1B14248A00032AB7 /* Info.plist */,
			);
			name = "Supporting Files";
			sourceTree = "<group>";
		};
/* End PBXGroup section */

/* Begin PBXHeadersBuildPhase section */
		AA43C4EC19650DB400944353 /* Headers */ = {
			isa = PBXHeadersBuildPhase;
			buildActionMask = 2147483647;
			files = (
				D11036451ADBA45500C46099 /* PMDefine.h in Headers */,
				D11E02631B17241100609402 /* UINavigationController+Ex.h in Headers */,
				D11036691ADBA63D00C46099 /* PMService+Private.h in Headers */,
				D11036671ADBA63D00C46099 /* PMService.h in Headers */,
				D11036321ADBA3D000C46099 /* PMRootViewController.h in Headers */,
				D11036241ADBA3D000C46099 /* PMLog.h in Headers */,
				D110364C1ADBA48900C46099 /* PMDataSourceFactory.h in Headers */,
				D11036441ADBA45500C46099 /* PMCommonDefine.h in Headers */,
				D11036621ADBA53600C46099 /* PMBaseViewController.h in Headers */,
				D11036281ADBA3D000C46099 /* PMLogDataModel.h in Headers */,
				D11036591ADBA4FB00C46099 /* PMMonitorView.h in Headers */,
				D11036261ADBA3D000C46099 /* PMLogConfig.h in Headers */,
				D110362E1ADBA3D000C46099 /* PMLogViewController.h in Headers */,
				D110364A1ADBA48900C46099 /* PMConfigFactory.h in Headers */,
				D12C2DD21AD7C4B10052C187 /* PoseidonMonitor.h in Headers */,
				D110365B1ADBA4FB00C46099 /* PMWindow.h in Headers */,
				D11036201ADBA3D000C46099 /* PMJSCallDataSource.h in Headers */,
				D11036301ADBA3D000C46099 /* PMLogTableViewCell.h in Headers */,
				D11E02671B1724BC00609402 /* PMUtils.h in Headers */,
				D110362C1ADBA3D000C46099 /* PMLogFilterViewController.h in Headers */,
				D11036221ADBA3D000C46099 /* PMJSViewController.h in Headers */,
				D110362A1ADBA3D000C46099 /* PMLogDataSource.h in Headers */,
				D11E026B1B173A8900609402 /* PMNavigationController.h in Headers */,
			);
			runOnlyForDeploymentPostprocessing = 0;
		};
/* End PBXHeadersBuildPhase section */

/* Begin PBXNativeTarget section */
		A2E9D389170BD37D00B11F5E /* PoseidonMonitor */ = {
			isa = PBXNativeTarget;
			buildConfigurationList = A2E9D394170BD37D00B11F5E /* Build configuration list for PBXNativeTarget "PoseidonMonitor" */;
			buildPhases = (
				A2E9D386170BD37D00B11F5E /* Sources */,
				A2E9D387170BD37D00B11F5E /* Frameworks */,
				A2E9D388170BD37D00B11F5E /* Resources */,
				AA43C4EC19650DB400944353 /* Headers */,
				527900188E4701D78FFC3841 /* Copy Pods Resources */,
			);
			buildRules = (
			);
			dependencies = (
			);
			name = PoseidonMonitor;
			productName = PoseidonMonitor;
			productReference = A2E9D38A170BD37D00B11F5E /* PoseidonMonitor.framework */;
			productType = "com.apple.product-type.bundle";
		};
		D14B079D1B14248A00032AB7 /* Test */ = {
			isa = PBXNativeTarget;
			buildConfigurationList = D14B07C21B14248A00032AB7 /* Build configuration list for PBXNativeTarget "Test" */;
			buildPhases = (
				D14B079A1B14248A00032AB7 /* Sources */,
				D14B079B1B14248A00032AB7 /* Frameworks */,
				D14B079C1B14248A00032AB7 /* Resources */,
			);
			buildRules = (
			);
			dependencies = (
			);
			name = Test;
			productName = Test;
			productReference = D14B079E1B14248A00032AB7 /* Test.app */;
			productType = "com.apple.product-type.application";
		};
		D14B07B51B14248A00032AB7 /* TestTests */ = {
			isa = PBXNativeTarget;
			buildConfigurationList = D14B07C31B14248A00032AB7 /* Build configuration list for PBXNativeTarget "TestTests" */;
			buildPhases = (
				D14B07B21B14248A00032AB7 /* Sources */,
				D14B07B31B14248A00032AB7 /* Frameworks */,
				D14B07B41B14248A00032AB7 /* Resources */,
			);
			buildRules = (
			);
			dependencies = (
				D14B07B81B14248A00032AB7 /* PBXTargetDependency */,
			);
			name = TestTests;
			productName = TestTests;
			productReference = D14B07B61B14248A00032AB7 /* TestTests.xctest */;
			productType = "com.apple.product-type.bundle.unit-test";
		};
/* End PBXNativeTarget section */

/* Begin PBXProject section */
		A2E9D359170BD32000B11F5E /* Project object */ = {
			isa = PBXProject;
			attributes = {
				LastUpgradeCheck = 0460;
				ORGANIZATIONNAME = Alipay;
				TargetAttributes = {
					D14B079D1B14248A00032AB7 = {
						CreatedOnToolsVersion = 6.2;
					};
					D14B07B51B14248A00032AB7 = {
						CreatedOnToolsVersion = 6.2;
						TestTargetID = D14B079D1B14248A00032AB7;
					};
				};
			};
			buildConfigurationList = A2E9D35C170BD32000B11F5E /* Build configuration list for PBXProject "PoseidonMonitor" */;
			compatibilityVersion = "Xcode 3.2";
			developmentRegion = English;
			hasScannedForEncodings = 0;
			knownRegions = (
				en,
				Base,
			);
			mainGroup = A2E9D358170BD32000B11F5E;
			productRefGroup = A2E9D362170BD32000B11F5E /* Products */;
			projectDirPath = "";
			projectRoot = "";
			targets = (
				A2E9D389170BD37D00B11F5E /* PoseidonMonitor */,
				D14B079D1B14248A00032AB7 /* Test */,
				D14B07B51B14248A00032AB7 /* TestTests */,
			);
		};
/* End PBXProject section */

/* Begin PBXResourcesBuildPhase section */
		A2E9D388170BD37D00B11F5E /* Resources */ = {
			isa = PBXResourcesBuildPhase;
			buildActionMask = 2147483647;
			files = (
				A2CA04A0188A78A900D1E152 /* PoseidonMonitor-Info.plist in Resources */,
				A2CA04A1188A78A900D1E152 /* InfoPlist.strings in Resources */,
				AAC068C2188D1F8E001B468D /* PoseidonMonitor.bundle in Resources */,
			);
			runOnlyForDeploymentPostprocessing = 0;
		};
		D14B079C1B14248A00032AB7 /* Resources */ = {
			isa = PBXResourcesBuildPhase;
			buildActionMask = 2147483647;
			files = (
				D14B07AC1B14248A00032AB7 /* Main.storyboard in Resources */,
				D14B07B11B14248A00032AB7 /* LaunchScreen.xib in Resources */,
				D14B07AE1B14248A00032AB7 /* Images.xcassets in Resources */,
			);
			runOnlyForDeploymentPostprocessing = 0;
		};
		D14B07B41B14248A00032AB7 /* Resources */ = {
			isa = PBXResourcesBuildPhase;
			buildActionMask = 2147483647;
			files = (
			);
			runOnlyForDeploymentPostprocessing = 0;
		};
/* End PBXResourcesBuildPhase section */

/* Begin PBXShellScriptBuildPhase section */
		527900188E4701D78FFC3841 /* Copy Pods Resources */ = {
			isa = PBXShellScriptBuildPhase;
			buildActionMask = 2147483647;
			files = (
			);
			inputPaths = (
			);
			name = "Copy Pods Resources";
			outputPaths = (
			);
			runOnlyForDeploymentPostprocessing = 0;
			shellPath = /bin/sh;
			shellScript = "# Non-Dependency Scripts\nCOMPRESS_BUNDLE_PNG=YES ~/.aptkit/bin/Pods-Appname-resources.sh\n";
		};
/* End PBXShellScriptBuildPhase section */

/* Begin PBXSourcesBuildPhase section */
		A2E9D386170BD37D00B11F5E /* Sources */ = {
			isa = PBXSourcesBuildPhase;
			buildActionMask = 2147483647;
			files = (
				D11E02681B1724BC00609402 /* PMUtils.m in Sources */,
				D11036291ADBA3D000C46099 /* PMLogDataModel.m in Sources */,
				D110365C1ADBA4FB00C46099 /* PMWindow.m in Sources */,
				D11036251ADBA3D000C46099 /* PMLog.m in Sources */,
				D110362B1ADBA3D000C46099 /* PMLogDataSource.m in Sources */,
				D11036271ADBA3D000C46099 /* PMLogConfig.m in Sources */,
				D110362D1ADBA3D000C46099 /* PMLogFilterViewController.m in Sources */,
				D11E026C1B173A8900609402 /* PMNavigationController.m in Sources */,
				D11036331ADBA3D000C46099 /* PMRootViewController.m in Sources */,
				D11E02641B17241100609402 /* UINavigationController+Ex.m in Sources */,
				D11036631ADBA53600C46099 /* PMBaseViewController.m in Sources */,
				D110364D1ADBA48900C46099 /* PMDataSourceFactory.m in Sources */,
				D11036311ADBA3D000C46099 /* PMLogTableViewCell.m in Sources */,
				D11036231ADBA3D000C46099 /* PMJSViewController.m in Sources */,
				D11036681ADBA63D00C46099 /* PMService.m in Sources */,
				D110365A1ADBA4FB00C46099 /* PMMonitorView.m in Sources */,
				D110362F1ADBA3D000C46099 /* PMLogViewController.m in Sources */,
				D11036211ADBA3D000C46099 /* PMJSCallDataSource.m in Sources */,
				D110364B1ADBA48900C46099 /* PMConfigFactory.m in Sources */,
			);
			runOnlyForDeploymentPostprocessing = 0;
		};
		D14B079A1B14248A00032AB7 /* Sources */ = {
			isa = PBXSourcesBuildPhase;
			buildActionMask = 2147483647;
			files = (
				D14B07A91B14248A00032AB7 /* WebViewController.m in Sources */,
				D14B07A61B14248A00032AB7 /* AppDelegate.m in Sources */,
				D14B07A31B14248A00032AB7 /* main.m in Sources */,
			);
			runOnlyForDeploymentPostprocessing = 0;
		};
		D14B07B21B14248A00032AB7 /* Sources */ = {
			isa = PBXSourcesBuildPhase;
			buildActionMask = 2147483647;
			files = (
				D14B07BD1B14248A00032AB7 /* TestTests.m in Sources */,
			);
			runOnlyForDeploymentPostprocessing = 0;
		};
/* End PBXSourcesBuildPhase section */

/* Begin PBXTargetDependency section */
		D14B07B81B14248A00032AB7 /* PBXTargetDependency */ = {
			isa = PBXTargetDependency;
			target = D14B079D1B14248A00032AB7 /* Test */;
			targetProxy = D14B07B71B14248A00032AB7 /* PBXContainerItemProxy */;
		};
/* End PBXTargetDependency section */

/* Begin PBXVariantGroup section */
		A2CA049B188A78A900D1E152 /* InfoPlist.strings */ = {
			isa = PBXVariantGroup;
			children = (
				A2CA049C188A78A900D1E152 /* en */,
			);
			name = InfoPlist.strings;
			sourceTree = "<group>";
		};
		D14B07AA1B14248A00032AB7 /* Main.storyboard */ = {
			isa = PBXVariantGroup;
			children = (
				D14B07AB1B14248A00032AB7 /* Base */,
			);
			name = Main.storyboard;
			sourceTree = "<group>";
		};
		D14B07AF1B14248A00032AB7 /* LaunchScreen.xib */ = {
			isa = PBXVariantGroup;
			children = (
				D14B07B01B14248A00032AB7 /* Base */,
			);
			name = LaunchScreen.xib;
			sourceTree = "<group>";
		};
/* End PBXVariantGroup section */

/* Begin XCBuildConfiguration section */
		A2E9D37C170BD32100B11F5E /* Debug */ = {
			isa = XCBuildConfiguration;
			buildSettings = {
				ALWAYS_SEARCH_USER_PATHS = NO;
				CLANG_CXX_LANGUAGE_STANDARD = "gnu++0x";
				CLANG_CXX_LIBRARY = "libc++";
				CLANG_ENABLE_OBJC_ARC = YES;
				CLANG_WARN_CONSTANT_CONVERSION = YES;
				CLANG_WARN_EMPTY_BODY = YES;
				CLANG_WARN_ENUM_CONVERSION = YES;
				CLANG_WARN_INT_CONVERSION = YES;
				CLANG_WARN__DUPLICATE_METHOD_MATCH = YES;
				"CODE_SIGN_IDENTITY[sdk=iphoneos*]" = "iPhone Developer";
				COPY_PHASE_STRIP = NO;
				GCC_C_LANGUAGE_STANDARD = gnu99;
				GCC_DYNAMIC_NO_PIC = NO;
				GCC_OPTIMIZATION_LEVEL = 0;
				GCC_PREPROCESSOR_DEFINITIONS = (
					"DEBUG=1",
					"$(inherited)",
				);
				GCC_SYMBOLS_PRIVATE_EXTERN = NO;
				GCC_WARN_ABOUT_RETURN_TYPE = YES;
				GCC_WARN_UNINITIALIZED_AUTOS = YES;
				GCC_WARN_UNUSED_VARIABLE = YES;
				IPHONEOS_DEPLOYMENT_TARGET = 6.0;
				ONLY_ACTIVE_ARCH = YES;
				SDKROOT = iphoneos;
				TARGETED_DEVICE_FAMILY = "1,2";
			};
			name = Debug;
		};
		A2E9D37D170BD32100B11F5E /* Release */ = {
			isa = XCBuildConfiguration;
			buildSettings = {
				ALWAYS_SEARCH_USER_PATHS = NO;
				CLANG_CXX_LANGUAGE_STANDARD = "gnu++0x";
				CLANG_CXX_LIBRARY = "libc++";
				CLANG_ENABLE_OBJC_ARC = YES;
				CLANG_WARN_CONSTANT_CONVERSION = YES;
				CLANG_WARN_EMPTY_BODY = YES;
				CLANG_WARN_ENUM_CONVERSION = YES;
				CLANG_WARN_INT_CONVERSION = YES;
				CLANG_WARN__DUPLICATE_METHOD_MATCH = YES;
				"CODE_SIGN_IDENTITY[sdk=iphoneos*]" = "iPhone Developer";
				COPY_PHASE_STRIP = YES;
				GCC_C_LANGUAGE_STANDARD = gnu99;
				GCC_WARN_ABOUT_RETURN_TYPE = YES;
				GCC_WARN_UNINITIALIZED_AUTOS = YES;
				GCC_WARN_UNUSED_VARIABLE = YES;
				IPHONEOS_DEPLOYMENT_TARGET = 6.0;
				OTHER_CFLAGS = "-DNS_BLOCK_ASSERTIONS=1";
				SDKROOT = iphoneos;
				TARGETED_DEVICE_FAMILY = "1,2";
				VALIDATE_PRODUCT = YES;
			};
			name = Release;
		};
		A2E9D395170BD37D00B11F5E /* Debug */ = {
			isa = XCBuildConfiguration;
			buildSettings = {
				COMBINE_HIDPI_IMAGES = YES;
				DEAD_CODE_STRIPPING = NO;
				FRAMEWORK_SEARCH_PATHS = (
					"$(inherited)",
					"$(PROJECT_DIR)/Build/Products/Debug-iphonesimulator",
				);
				GCC_ENABLE_OBJC_EXCEPTIONS = YES;
				GCC_PRECOMPILE_PREFIX_HEADER = YES;
				GCC_PREFIX_HEADER = "SupportingFiles/PoseidonMonitor-Prefix.pch";
				GCC_WARN_64_TO_32_BIT_CONVERSION = YES;
				HEADER_SEARCH_PATHS = "$(inherited)";
				INFOPLIST_FILE = "SupportingFiles/PoseidonMonitor-Info.plist";
				INSTALL_PATH = "$(LOCAL_LIBRARY_DIR)/Bundles";
				IPHONEOS_DEPLOYMENT_TARGET = 5.1.1;
				LINK_WITH_STANDARD_LIBRARIES = NO;
				MACH_O_TYPE = mh_object;
				MACOSX_DEPLOYMENT_TARGET = "";
				OTHER_LDFLAGS = "";
				PRODUCT_NAME = "$(TARGET_NAME)";
				SDKROOT = iphoneos;
				SKIP_INSTALL = YES;
				WRAPPER_EXTENSION = framework;
			};
			name = Debug;
		};
		A2E9D396170BD37D00B11F5E /* Release */ = {
			isa = XCBuildConfiguration;
			buildSettings = {
				COMBINE_HIDPI_IMAGES = YES;
				DEAD_CODE_STRIPPING = NO;
				DEBUG_INFORMATION_FORMAT = "dwarf-with-dsym";
				FRAMEWORK_SEARCH_PATHS = (
					"$(inherited)",
					"$(PROJECT_DIR)/Build/Products/Debug-iphonesimulator",
				);
				GCC_ENABLE_OBJC_EXCEPTIONS = YES;
				GCC_PRECOMPILE_PREFIX_HEADER = YES;
				GCC_PREFIX_HEADER = "SupportingFiles/PoseidonMonitor-Prefix.pch";
				GCC_WARN_64_TO_32_BIT_CONVERSION = YES;
				HEADER_SEARCH_PATHS = "$(inherited)";
				INFOPLIST_FILE = "SupportingFiles/PoseidonMonitor-Info.plist";
				INSTALL_PATH = "$(LOCAL_LIBRARY_DIR)/Bundles";
				IPHONEOS_DEPLOYMENT_TARGET = 5.1.1;
				LINK_WITH_STANDARD_LIBRARIES = NO;
				MACH_O_TYPE = mh_object;
				MACOSX_DEPLOYMENT_TARGET = "";
				OTHER_LDFLAGS = "";
				PRODUCT_NAME = "$(TARGET_NAME)";
				SDKROOT = iphoneos;
				SKIP_INSTALL = YES;
				WRAPPER_EXTENSION = framework;
			};
			name = Release;
		};
		D14B07BE1B14248A00032AB7 /* Debug */ = {
			isa = XCBuildConfiguration;
			buildSettings = {
				ASSETCATALOG_COMPILER_APPICON_NAME = AppIcon;
				CLANG_ENABLE_MODULES = YES;
				CLANG_WARN_BOOL_CONVERSION = YES;
				CLANG_WARN_DIRECT_OBJC_ISA_USAGE = YES_ERROR;
				CLANG_WARN_OBJC_ROOT_CLASS = YES_ERROR;
				CLANG_WARN_UNREACHABLE_CODE = YES;
				ENABLE_STRICT_OBJC_MSGSEND = YES;
				FRAMEWORK_SEARCH_PATHS = (
					"$(inherited)",
					"$(PROJECT_DIR)/Build/Products/Debug-iphonesimulator",
				);
				GCC_PREPROCESSOR_DEFINITIONS = (
					"DEBUG=1",
					"$(inherited)",
				);
				GCC_WARN_64_TO_32_BIT_CONVERSION = YES;
				GCC_WARN_ABOUT_RETURN_TYPE = YES_ERROR;
				GCC_WARN_UNDECLARED_SELECTOR = YES;
				GCC_WARN_UNINITIALIZED_AUTOS = YES_AGGRESSIVE;
				GCC_WARN_UNUSED_FUNCTION = YES;
				INFOPLIST_FILE = Test/Info.plist;
				IPHONEOS_DEPLOYMENT_TARGET = 6.0;
				LD_RUNPATH_SEARCH_PATHS = "$(inherited) @executable_path/Frameworks";
				MTL_ENABLE_DEBUG_INFO = YES;
				PRODUCT_NAME = "$(TARGET_NAME)";
			};
			name = Debug;
		};
		D14B07BF1B14248A00032AB7 /* Release */ = {
			isa = XCBuildConfiguration;
			buildSettings = {
				ASSETCATALOG_COMPILER_APPICON_NAME = AppIcon;
				CLANG_ENABLE_MODULES = YES;
				CLANG_WARN_BOOL_CONVERSION = YES;
				CLANG_WARN_DIRECT_OBJC_ISA_USAGE = YES_ERROR;
				CLANG_WARN_OBJC_ROOT_CLASS = YES_ERROR;
				CLANG_WARN_UNREACHABLE_CODE = YES;
				COPY_PHASE_STRIP = NO;
				ENABLE_NS_ASSERTIONS = NO;
				ENABLE_STRICT_OBJC_MSGSEND = YES;
				FRAMEWORK_SEARCH_PATHS = (
					"$(inherited)",
					"$(PROJECT_DIR)/Build/Products/Debug-iphonesimulator",
				);
				GCC_WARN_64_TO_32_BIT_CONVERSION = YES;
				GCC_WARN_ABOUT_RETURN_TYPE = YES_ERROR;
				GCC_WARN_UNDECLARED_SELECTOR = YES;
				GCC_WARN_UNINITIALIZED_AUTOS = YES_AGGRESSIVE;
				GCC_WARN_UNUSED_FUNCTION = YES;
				INFOPLIST_FILE = Test/Info.plist;
				IPHONEOS_DEPLOYMENT_TARGET = 6.0;
				LD_RUNPATH_SEARCH_PATHS = "$(inherited) @executable_path/Frameworks";
				MTL_ENABLE_DEBUG_INFO = NO;
				PRODUCT_NAME = "$(TARGET_NAME)";
			};
			name = Release;
		};
		D14B07C01B14248A00032AB7 /* Debug */ = {
			isa = XCBuildConfiguration;
			buildSettings = {
				BUNDLE_LOADER = "$(TEST_HOST)";
				CLANG_ENABLE_MODULES = YES;
				CLANG_WARN_BOOL_CONVERSION = YES;
				CLANG_WARN_DIRECT_OBJC_ISA_USAGE = YES_ERROR;
				CLANG_WARN_OBJC_ROOT_CLASS = YES_ERROR;
				CLANG_WARN_UNREACHABLE_CODE = YES;
				ENABLE_STRICT_OBJC_MSGSEND = YES;
				FRAMEWORK_SEARCH_PATHS = (
					"$(SDKROOT)/Developer/Library/Frameworks",
					"$(inherited)",
				);
				GCC_PREPROCESSOR_DEFINITIONS = (
					"DEBUG=1",
					"$(inherited)",
				);
				GCC_WARN_64_TO_32_BIT_CONVERSION = YES;
				GCC_WARN_ABOUT_RETURN_TYPE = YES_ERROR;
				GCC_WARN_UNDECLARED_SELECTOR = YES;
				GCC_WARN_UNINITIALIZED_AUTOS = YES_AGGRESSIVE;
				GCC_WARN_UNUSED_FUNCTION = YES;
				INFOPLIST_FILE = TestTests/Info.plist;
				IPHONEOS_DEPLOYMENT_TARGET = 8.2;
				LD_RUNPATH_SEARCH_PATHS = "$(inherited) @executable_path/Frameworks @loader_path/Frameworks";
				MTL_ENABLE_DEBUG_INFO = YES;
				PRODUCT_NAME = "$(TARGET_NAME)";
				TEST_HOST = "$(BUILT_PRODUCTS_DIR)/Test.app/Test";
			};
			name = Debug;
		};
		D14B07C11B14248A00032AB7 /* Release */ = {
			isa = XCBuildConfiguration;
			buildSettings = {
				BUNDLE_LOADER = "$(TEST_HOST)";
				CLANG_ENABLE_MODULES = YES;
				CLANG_WARN_BOOL_CONVERSION = YES;
				CLANG_WARN_DIRECT_OBJC_ISA_USAGE = YES_ERROR;
				CLANG_WARN_OBJC_ROOT_CLASS = YES_ERROR;
				CLANG_WARN_UNREACHABLE_CODE = YES;
				COPY_PHASE_STRIP = NO;
				ENABLE_NS_ASSERTIONS = NO;
				ENABLE_STRICT_OBJC_MSGSEND = YES;
				FRAMEWORK_SEARCH_PATHS = (
					"$(SDKROOT)/Developer/Library/Frameworks",
					"$(inherited)",
				);
				GCC_WARN_64_TO_32_BIT_CONVERSION = YES;
				GCC_WARN_ABOUT_RETURN_TYPE = YES_ERROR;
				GCC_WARN_UNDECLARED_SELECTOR = YES;
				GCC_WARN_UNINITIALIZED_AUTOS = YES_AGGRESSIVE;
				GCC_WARN_UNUSED_FUNCTION = YES;
				INFOPLIST_FILE = TestTests/Info.plist;
				IPHONEOS_DEPLOYMENT_TARGET = 8.2;
				LD_RUNPATH_SEARCH_PATHS = "$(inherited) @executable_path/Frameworks @loader_path/Frameworks";
				MTL_ENABLE_DEBUG_INFO = NO;
				PRODUCT_NAME = "$(TARGET_NAME)";
				TEST_HOST = "$(BUILT_PRODUCTS_DIR)/Test.app/Test";
			};
			name = Release;
		};
/* End XCBuildConfiguration section */

/* Begin XCConfigurationList section */
		A2E9D35C170BD32000B11F5E /* Build configuration list for PBXProject "PoseidonMonitor" */ = {
			isa = XCConfigurationList;
			buildConfigurations = (
				A2E9D37C170BD32100B11F5E /* Debug */,
				A2E9D37D170BD32100B11F5E /* Release */,
			);
			defaultConfigurationIsVisible = 0;
			defaultConfigurationName = Release;
		};
		A2E9D394170BD37D00B11F5E /* Build configuration list for PBXNativeTarget "PoseidonMonitor" */ = {
			isa = XCConfigurationList;
			buildConfigurations = (
				A2E9D395170BD37D00B11F5E /* Debug */,
				A2E9D396170BD37D00B11F5E /* Release */,
			);
			defaultConfigurationIsVisible = 0;
			defaultConfigurationName = Release;
		};
		D14B07C21B14248A00032AB7 /* Build configuration list for PBXNativeTarget "Test" */ = {
			isa = XCConfigurationList;
			buildConfigurations = (
				D14B07BE1B14248A00032AB7 /* Debug */,
				D14B07BF1B14248A00032AB7 /* Release */,
			);
			defaultConfigurationIsVisible = 0;
			defaultConfigurationName = Release;
		};
		D14B07C31B14248A00032AB7 /* Build configuration list for PBXNativeTarget "TestTests" */ = {
			isa = XCConfigurationList;
			buildConfigurations = (
				D14B07C01B14248A00032AB7 /* Debug */,
				D14B07C11B14248A00032AB7 /* Release */,
			);
			defaultConfigurationIsVisible = 0;
			defaultConfigurationName = Release;
		};
/* End XCConfigurationList section */
	};
	rootObject = A2E9D359170BD32000B11F5E /* Project object */;
}
